
Microsoft Visual Studio Solution File, Format Version 12.00
# Visual Studio Version 16
VisualStudioVersion = 16.0.30626.31
MinimumVisualStudioVersion = 10.0.40219.1
Project("{FAE04EC0-301F-11D3-BF4B-00C04F79EFBC}") = "Send.Api.Mobile.UWP", "Send.Api.Mobile\Send.Api.Mobile.UWP\Send.Api.Mobile.UWP.csproj", "{48C42EC8-1CB6-463E-8F12-58B17E84E31D}"
EndProject
Project("{FAE04EC0-301F-11D3-BF4B-00C04F79EFBC}") = "Send.Api.Mobile.Android", "Send.Api.Mobile\Send.Api.Mobile.Android\Send.Api.Mobile.Android.csproj", "{5B6CF85E-2D2A-4782-8D8E-634980298E8A}"
EndProject
Project("{FAE04EC0-301F-11D3-BF4B-00C04F79EFBC}") = "Send.Api.Mobile.iOS", "Send.Api.Mobile\Send.Api.Mobile.iOS\Send.Api.Mobile.iOS.csproj", "{BC310A33-428D-4293-A59A-98BD5630FA25}"
EndProject
Project("{FAE04EC0-301F-11D3-BF4B-00C04F79EFBC}") = "Send.Api.Mobile", "Send.Api.Mobile\Send.Api.Mobile\Send.Api.Mobile.csproj", "{C33AEC80-5C53-45C2-B94D-ACD3AC6F4BF3}"
EndProject
Global
	GlobalSection(SolutionConfigurationPlatforms) = preSolution
		Debug|Any CPU = Debug|Any CPU
		Debug|ARM = Debug|ARM
		Debug|iPhone = Debug|iPhone
		Debug|iPhoneSimulator = Debug|iPhoneSimulator
		Debug|x64 = Debug|x64
		Debug|x86 = Debug|x86
		Release|Any CPU = Release|Any CPU
		Release|ARM = Release|ARM
		Release|iPhone = Release|iPhone
		Release|iPhoneSimulator = Release|iPhoneSimulator
		Release|x64 = Release|x64
		Release|x86 = Release|x86
	EndGlobalSection
	GlobalSection(ProjectConfigurationPlatforms) = postSolution
		{48C42EC8-1CB6-463E-8F12-58B17E84E31D}.Debug|Any CPU.ActiveCfg = Debug|x86
		{48C42EC8-1CB6-463E-8F12-58B17E84E31D}.Debug|ARM.ActiveCfg = Debug|ARM
		{48C42EC8-1CB6-463E-8F12-58B17E84E31D}.Debug|ARM.Build.0 = Debug|ARM
		{48C42EC8-1CB6-463E-8F12-58B17E84E31D}.Debug|ARM.Deploy.0 = Debug|ARM
		{48C42EC8-1CB6-463E-8F12-58B17E84E31D}.Debug|iPhone.ActiveCfg = Debug|x86
		{48C42EC8-1CB6-463E-8F12-58B17E84E31D}.Debug|iPhoneSimulator.ActiveCfg = Debug|x86
		{48C42EC8-1CB6-463E-8F12-58B17E84E31D}.Debug|x64.ActiveCfg = Debug|x64
		{48C42EC8-1CB6-463E-8F12-58B17E84E31D}.Debug|x64.Build.0 = Debug|x64
		{48C42EC8-1CB6-463E-8F12-58B17E84E31D}.Debug|x64.Deploy.0 = Debug|x64
		{48C42EC8-1CB6-463E-8F12-58B17E84E31D}.Debug|x86.ActiveCfg = Debug|x86
		{48C42EC8-1CB6-463E-8F12-58B17E84E31D}.Debug|x86.Build.0 = Debug|x86
		{48C42EC8-1CB6-463E-8F12-58B17E84E31D}.Debug|x86.Deploy.0 = Debug|x86
		{48C42EC8-1CB6-463E-8F12-58B17E84E31D}.Release|Any CPU.ActiveCfg = Release|x86
		{48C42EC8-1CB6-463E-8F12-58B17E84E31D}.Release|ARM.ActiveCfg = Release|ARM
		{48C42EC8-1CB6-463E-8F12-58B17E84E31D}.Release|ARM.Build.0 = Release|ARM
		{48C42EC8-1CB6-463E-8F12-58B17E84E31D}.Release|ARM.Deploy.0 = Release|ARM
		{48C42EC8-1CB6-463E-8F12-58B17E84E31D}.Release|iPhone.ActiveCfg = Release|x86
		{48C42EC8-1CB6-463E-8F12-58B17E84E31D}.Release|iPhoneSimulator.ActiveCfg = Release|x86
		{48C42EC8-1CB6-463E-8F12-58B17E84E31D}.Release|x64.ActiveCfg = Release|x64
		{48C42EC8-1CB6-463E-8F12-58B17E84E31D}.Release|x64.Build.0 = Release|x64
		{48C42EC8-1CB6-463E-8F12-58B17E84E31D}.Release|x64.Deploy.0 = Release|x64
		{48C42EC8-1CB6-463E-8F12-58B17E84E31D}.Release|x86.ActiveCfg = Release|x86
		{48C42EC8-1CB6-463E-8F12-58B17E84E31D}.Release|x86.Build.0 = Release|x86
		{48C42EC8-1CB6-463E-8F12-58B17E84E31D}.Release|x86.Deploy.0 = Release|x86
		{5B6CF85E-2D2A-4782-8D8E-634980298E8A}.Debug|Any CPU.ActiveCfg = Debug|Any CPU
		{5B6CF85E-2D2A-4782-8D8E-634980298E8A}.Debug|Any CPU.Build.0 = Debug|Any CPU
		{5B6CF85E-2D2A-4782-8D8E-634980298E8A}.Debug|Any CPU.Deploy.0 = Debug|Any CPU
		{5B6CF85E-2D2A-4782-8D8E-634980298E8A}.Debug|ARM.ActiveCfg = Debug|Any CPU
		{5B6CF85E-2D2A-4782-8D8E-634980298E8A}.Debug|ARM.Build.0 = Debug|Any CPU
		{5B6CF85E-2D2A-4782-8D8E-634980298E8A}.Debug|ARM.Deploy.0 = Debug|Any CPU
		{5B6CF85E-2D2A-4782-8D8E-634980298E8A}.Debug|iPhone.ActiveCfg = Debug|Any CPU
		{5B6CF85E-2D2A-4782-8D8E-634980298E8A}.Debug|iPhone.Build.0 = Debug|Any CPU
		{5B6CF85E-2D2A-4782-8D8E-634980298E8A}.Debug|iPhone.Deploy.0 = Debug|Any CPU
		{5B6CF85E-2D2A-4782-8D8E-634980298E8A}.Debug|iPhoneSimulator.ActiveCfg = Debug|Any CPU
		{5B6CF85E-2D2A-4782-8D8E-634980298E8A}.Debug|iPhoneSimulator.Build.0 = Debug|Any CPU
		{5B6CF85E-2D2A-4782-8D8E-634980298E8A}.Debug|iPhoneSimulator.Deploy.0 = Debug|Any CPU
		{5B6CF85E-2D2A-4782-8D8E-634980298E8A}.Debug|x64.ActiveCfg = Debug|Any CPU
		{5B6CF85E-2D2A-4782-8D8E-634980298E8A}.Debug|x64.Build.0 = Debug|Any CPU
		{5B6CF85E-2D2A-4782-8D8E-634980298E8A}.Debug|x64.Deploy.0 = Debug|Any CPU
		{5B6CF85E-2D2A-4782-8D8E-634980298E8A}.Debug|x86.ActiveCfg = Debug|Any CPU
		{5B6CF85E-2D2A-4782-8D8E-634980298E8A}.Debug|x86.Build.0 = Debug|Any CPU
		{5B6CF85E-2D2A-4782-8D8E-634980298E8A}.Debug|x86.Deploy.0 = Debug|Any CPU
		{5B6CF85E-2D2A-4782-8D8E-634980298E8A}.Release|Any CPU.ActiveCfg = Release|Any CPU
		{5B6CF85E-2D2A-4782-8D8E-634980298E8A}.Release|Any CPU.Build.0 = Release|Any CPU
		{5B6CF85E-2D2A-4782-8D8E-634980298E8A}.Release|Any CPU.Deploy.0 = Release|Any CPU
		{5B6CF85E-2D2A-4782-8D8E-634980298E8A}.Release|ARM.ActiveCfg = Release|Any CPU
		{5B6CF85E-2D2A-4782-8D8E-634980298E8A}.Release|ARM.Build.0 = Release|Any CPU
		{5B6CF85E-2D2A-4782-8D8E-634980298E8A}.Release|ARM.Deploy.0 = Release|Any CPU
		{5B6CF85E-2D2A-4782-8D8E-634980298E8A}.Release|iPhone.ActiveCfg = Release|Any CPU
		{5B6CF85E-2D2A-4782-8D8E-634980298E8A}.Release|iPhone.Build.0 = Release|Any CPU
		{5B6CF85E-2D2A-4782-8D8E-634980298E8A}.Release|iPhone.Deploy.0 = Release|Any CPU
		{5B6CF85E-2D2A-4782-8D8E-634980298E8A}.Release|iPhoneSimulator.ActiveCfg = Release|Any CPU
		{5B6CF85E-2D2A-4782-8D8E-634980298E8A}.Release|iPhoneSimulator.Build.0 = Release|Any CPU
		{5B6CF85E-2D2A-4782-8D8E-634980298E8A}.Release|iPhoneSimulator.Deploy.0 = Release|Any CPU
		{5B6CF85E-2D2A-4782-8D8E-634980298E8A}.Release|x64.ActiveCfg = Release|Any CPU
		{5B6CF85E-2D2A-4782-8D8E-634980298E8A}.Release|x64.Build.0 = Release|Any CPU
		{5B6CF85E-2D2A-4782-8D8E-634980298E8A}.Release|x64.Deploy.0 = Release|Any CPU
		{5B6CF85E-2D2A-4782-8D8E-634980298E8A}.Release|x86.ActiveCfg = Release|Any CPU
		{5B6CF85E-2D2A-4782-8D8E-634980298E8A}.Release|x86.Build.0 = Release|Any CPU
		{5B6CF85E-2D2A-4782-8D8E-634980298E8A}.Release|x86.Deploy.0 = Release|Any CPU
		{BC310A33-428D-4293-A59A-98BD5630FA25}.Debug|Any CPU.ActiveCfg = Debug|iPhoneSimulator
		{BC310A33-428D-4293-A59A-98BD5630FA25}.Debug|ARM.ActiveCfg = Debug|iPhoneSimulator
		{BC310A33-428D-4293-A59A-98BD5630FA25}.Debug|iPhone.ActiveCfg = Debug|iPhone
		{BC310A33-428D-4293-A59A-98BD5630FA25}.Debug|iPhone.Build.0 = Debug|iPhone
		{BC310A33-428D-4293-A59A-98BD5630FA25}.Debug|iPhoneSimulator.ActiveCfg = Debug|iPhoneSimulator
		{BC310A33-428D-4293-A59A-98BD5630FA25}.Debug|iPhoneSimulator.Build.0 = Debug|iPhoneSimulator
		{BC310A33-428D-4293-A59A-98BD5630FA25}.Debug|x64.ActiveCfg = Debug|iPhoneSimulator
		{BC310A33-428D-4293-A59A-98BD5630FA25}.Debug|x86.ActiveCfg = Debug|iPhoneSimulator
		{BC310A33-428D-4293-A59A-98BD5630FA25}.Release|Any CPU.ActiveCfg = Release|iPhoneSimulator
		{BC310A33-428D-4293-A59A-98BD5630FA25}.Release|ARM.ActiveCfg = Release|iPhoneSimulator
		{BC310A33-428D-4293-A59A-98BD5630FA25}.Release|iPhone.ActiveCfg = Release|iPhone
		{BC310A33-428D-4293-A59A-98BD5630FA25}.Release|iPhone.Build.0 = Release|iPhone
		{BC310A33-428D-4293-A59A-98BD5630FA25}.Release|iPhoneSimulator.ActiveCfg = Release|iPhoneSimulator
		{BC310A33-428D-4293-A59A-98BD5630FA25}.Release|iPhoneSimulator.Build.0 = Release|iPhoneSimulator
		{BC310A33-428D-4293-A59A-98BD5630FA25}.Release|x64.ActiveCfg = Release|iPhoneSimulator
		{BC310A33-428D-4293-A59A-98BD5630FA25}.Release|x86.ActiveCfg = Release|iPhoneSimulator
		{C33AEC80-5C53-45C2-B94D-ACD3AC6F4BF3}.Debug|Any CPU.ActiveCfg = Debug|Any CPU
		{C33AEC80-5C53-45C2-B94D-ACD3AC6F4BF3}.Debug|Any CPU.Build.0 = Debug|Any CPU
		{C33AEC80-5C53-45C2-B94D-ACD3AC6F4BF3}.Debug|ARM.ActiveCfg = Debug|Any CPU
		{C33AEC80-5C53-45C2-B94D-ACD3AC6F4BF3}.Debug|ARM.Build.0 = Debug|Any CPU
		{C33AEC80-5C53-45C2-B94D-ACD3AC6F4BF3}.Debug|iPhone.ActiveCfg = Debug|Any CPU
		{C33AEC80-5C53-45C2-B94D-ACD3AC6F4BF3}.Debug|iPhone.Build.0 = Debug|Any CPU
		{C33AEC80-5C53-45C2-B94D-ACD3AC6F4BF3}.Debug|iPhoneSimulator.ActiveCfg = Debug|Any CPU
		{C33AEC80-5C53-45C2-B94D-ACD3AC6F4BF3}.Debug|iPhoneSimulator.Build.0 = Debug|Any CPU
		{C33AEC80-5C53-45C2-B94D-ACD3AC6F4BF3}.Debug|x64.ActiveCfg = Debug|Any CPU
		{C33AEC80-5C53-45C2-B94D-ACD3AC6F4BF3}.Debug|x64.Build.0 = Debug|Any CPU
		{C33AEC80-5C53-45C2-B94D-ACD3AC6F4BF3}.Debug|x86.ActiveCfg = Debug|Any CPU
		{C33AEC80-5C53-45C2-B94D-ACD3AC6F4BF3}.Debug|x86.Build.0 = Debug|Any CPU
		{C33AEC80-5C53-45C2-B94D-ACD3AC6F4BF3}.Release|Any CPU.ActiveCfg = Release|Any CPU
		{C33AEC80-5C53-45C2-B94D-ACD3AC6F4BF3}.Release|Any CPU.Build.0 = Release|Any CPU
		{C33AEC80-5C53-45C2-B94D-ACD3AC6F4BF3}.Release|ARM.ActiveCfg = Release|Any CPU
		{C33AEC80-5C53-45C2-B94D-ACD3AC6F4BF3}.Release|ARM.Build.0 = Release|Any CPU
		{C33AEC80-5C53-45C2-B94D-ACD3AC6F4BF3}.Release|iPhone.ActiveCfg = Release|Any CPU
		{C33AEC80-5C53-45C2-B94D-ACD3AC6F4BF3}.Release|iPhone.Build.0 = Release|Any CPU
		{C33AEC80-5C53-45C2-B94D-ACD3AC6F4BF3}.Release|iPhoneSimulator.ActiveCfg = Release|Any CPU
		{C33AEC80-5C53-45C2-B94D-ACD3AC6F4BF3}.Release|iPhoneSimulator.Build.0 = Release|Any CPU
		{C33AEC80-5C53-45C2-B94D-ACD3AC6F4BF3}.Release|x64.ActiveCfg = Release|Any CPU
		{C33AEC80-5C53-45C2-B94D-ACD3AC6F4BF3}.Release|x64.Build.0 = Release|Any CPU
		{C33AEC80-5C53-45C2-B94D-ACD3AC6F4BF3}.Release|x86.ActiveCfg = Release|Any CPU
		{C33AEC80-5C53-45C2-B94D-ACD3AC6F4BF3}.Release|x86.Build.0 = Release|Any CPU
	EndGlobalSection
	GlobalSection(SolutionProperties) = preSolution
		HideSolutionNode = FALSE
	EndGlobalSection
	GlobalSection(ExtensibilityGlobals) = postSolution
		SolutionGuid = {41CD719B-61AE-4AC6-B373-561233695257}
	EndGlobalSection
EndGlobal
